
Microsoft Visual Studio Solution File, Format Version 12.00
# Visual Studio 15
VisualStudioVersion = 15.0.28307.421
MinimumVisualStudioVersion = 10.0.40219.1
Project("{FAE04EC0-301F-11D3-BF4B-00C04F79EFBC}") = "CarInsurance", "CarInsurance\CarInsurance.csproj", "{507ABE1F-0D83-406D-98C9-7CD3087B056E}"
EndProject
Global
	GlobalSection(SolutionConfigurationPlatforms) = preSolution
		Debug|Any CPU = Debug|Any CPU
		Release|Any CPU = Release|Any CPU
	EndGlobalSection
	GlobalSection(ProjectConfigurationPlatforms) = postSolution
		{507ABE1F-0D83-406D-98C9-7CD3087B056E}.Debug|Any CPU.ActiveCfg = Debug|Any CPU
		{507ABE1F-0D83-406D-98C9-7CD3087B056E}.Debug|Any CPU.Build.0 = Debug|Any CPU
		{507ABE1F-0D83-406D-98C9-7CD3087B056E}.Release|Any CPU.ActiveCfg = Release|Any CPU
		{507ABE1F-0D83-406D-98C9-7CD3087B056E}.Release|Any CPU.Build.0 = Release|Any CPU
	EndGlobalSection
	GlobalSection(SolutionProperties) = preSolution
		HideSolutionNode = FALSE
	EndGlobalSection
	GlobalSection(ExtensibilityGlobals) = postSolution
		SolutionGuid = {8F392BDC-5363-4913-A015-9A1E72F4E51D}
	EndGlobalSection
EndGlobal
