
Microsoft Visual Studio Solution File, Format Version 12.00
# Visual Studio 15
VisualStudioVersion = 15.0.28307.168
MinimumVisualStudioVersion = 10.0.40219.1
Project("{FAE04EC0-301F-11D3-BF4B-00C04F79EFBC}") = "StringAndList", "StringAndList\StringAndList.csproj", "{BC88BF6D-CDD8-463C-921F-361BC97201F6}"
EndProject
Global
	GlobalSection(SolutionConfigurationPlatforms) = preSolution
		Debug|Any CPU = Debug|Any CPU
		Release|Any CPU = Release|Any CPU
	EndGlobalSection
	GlobalSection(ProjectConfigurationPlatforms) = postSolution
		{BC88BF6D-CDD8-463C-921F-361BC97201F6}.Debug|Any CPU.ActiveCfg = Debug|Any CPU
		{BC88BF6D-CDD8-463C-921F-361BC97201F6}.Debug|Any CPU.Build.0 = Debug|Any CPU
		{BC88BF6D-CDD8-463C-921F-361BC97201F6}.Release|Any CPU.ActiveCfg = Release|Any CPU
		{BC88BF6D-CDD8-463C-921F-361BC97201F6}.Release|Any CPU.Build.0 = Release|Any CPU
	EndGlobalSection
	GlobalSection(SolutionProperties) = preSolution
		HideSolutionNode = FALSE
	EndGlobalSection
	GlobalSection(ExtensibilityGlobals) = postSolution
		SolutionGuid = {5FAFD135-5F6D-4592-BFA6-2EAD1B88D312}
	EndGlobalSection
EndGlobal
