
Microsoft Visual Studio Solution File, Format Version 12.00
# Visual Studio 15
VisualStudioVersion = 15.0.28307.168
MinimumVisualStudioVersion = 10.0.40219.1
Project("{FAE04EC0-301F-11D3-BF4B-00C04F79EFBC}") = "ShippingQuote", "ShippingQuote\ShippingQuote.csproj", "{BFF65C46-1308-452E-8522-5469E98C27FB}"
EndProject
Global
	GlobalSection(SolutionConfigurationPlatforms) = preSolution
		Debug|Any CPU = Debug|Any CPU
		Release|Any CPU = Release|Any CPU
	EndGlobalSection
	GlobalSection(ProjectConfigurationPlatforms) = postSolution
		{BFF65C46-1308-452E-8522-5469E98C27FB}.Debug|Any CPU.ActiveCfg = Debug|Any CPU
		{BFF65C46-1308-452E-8522-5469E98C27FB}.Debug|Any CPU.Build.0 = Debug|Any CPU
		{BFF65C46-1308-452E-8522-5469E98C27FB}.Release|Any CPU.ActiveCfg = Release|Any CPU
		{BFF65C46-1308-452E-8522-5469E98C27FB}.Release|Any CPU.Build.0 = Release|Any CPU
	EndGlobalSection
	GlobalSection(SolutionProperties) = preSolution
		HideSolutionNode = FALSE
	EndGlobalSection
	GlobalSection(ExtensibilityGlobals) = postSolution
		SolutionGuid = {E857EFF2-03D6-4F20-B530-56708E816D20}
	EndGlobalSection
EndGlobal
